# This file was autogenerated by Stack.
# You should not edit this file by hand.
# For more information, please see the documentation at:
#   https://docs.haskellstack.org/en/stable/lock_files

packages:
- completed:
    hackage: codeworld-api-0.7.0@sha256:d19fcbdb4d4951570e533b2874779bd9dfe88e31688abcdea6bcb9bf64130a1b,6395
    pantry-tree:
      size: 5489
      sha256: 914e6e35c9ac2ae4bc1704191adc2f001cdbc8007160259e2a52578740dc2bd2
  original:
    hackage: codeworld-api-0.7.0@sha256:d19fcbdb4d4951570e533b2874779bd9dfe88e31688abcdea6bcb9bf64130a1b,6395
- completed:
    hackage: blank-canvas-0.7.3@sha256:b24a082cd7b37f6835ab87d4d99562ed1785e295e42472337aa92037c4014653,5103
    pantry-tree:
      size: 1495
      sha256: 433dd5877561055c40e82a6af79ff932b139c5d6fe42bf4ea36c7b079b53b0fc
  original:
    hackage: blank-canvas-0.7.3@sha256:b24a082cd7b37f6835ab87d4d99562ed1785e295e42472337aa92037c4014653,5103
- completed:
    hackage: reflex-0.8.2.0@sha256:2ea3db2ed15b83eed6b15f7c1aaceeda9e783b611ac530032f6aeaf0d33b8ef0,11974
    pantry-tree:
      size: 4587
      sha256: e748409809abe4aefda0c6f4feeb55024b1eb75c948c9724c8a6129c79390377
  original:
    hackage: reflex-0.8.2.0@sha256:2ea3db2ed15b83eed6b15f7c1aaceeda9e783b611ac530032f6aeaf0d33b8ef0,11974
- completed:
    hackage: kansas-comet-0.4.1@sha256:5744f0dc96864c92f57e025c1546d9cac9ebe06a2b8deb7f05c87452161caf8a,2306
    pantry-tree:
      size: 383
      sha256: bab79bb516dc9bbd97266e665b25c6d9f05ed334ebe4c3676b9fe77be736aea1
  original:
    hackage: kansas-comet-0.4.1@sha256:5744f0dc96864c92f57e025c1546d9cac9ebe06a2b8deb7f05c87452161caf8a,2306
- completed:
    hackage: monoidal-containers-0.6.2.0@sha256:124941d70df5e2928b4c6db605a1d0464e68c2c6b02e426db24a40194d43821d,2219
    pantry-tree:
      size: 569
      sha256: 07ceac751866bad09af45df7d0ae97420d659221e8a0d85407705dcda1f6e89b
  original:
    hackage: monoidal-containers-0.6.2.0@sha256:124941d70df5e2928b4c6db605a1d0464e68c2c6b02e426db24a40194d43821d,2219
- completed:
    hackage: patch-0.0.5.2@sha256:0840a9f4f2ef620869975574834d9661157df59927bb3f2b0644c21210c75f47,2905
    pantry-tree:
      size: 1103
      sha256: 38ddb6b9db91c5ae158cc0f3041ecc2712b363ae7d3006f4e2587d4be5a7d8e9
  original:
    hackage: patch-0.0.5.2@sha256:0840a9f4f2ef620869975574834d9661157df59927bb3f2b0644c21210c75f47,2905
snapshots:
- completed:
    size: 590100
    url: https://raw.githubusercontent.com/commercialhaskell/stackage-snapshots/master/lts/18/28.yaml
    sha256: 428ec8d5ce932190d3cbe266b9eb3c175cd81e984babf876b64019e2cbe4ea68
  original: lts-18.28
